
Microsoft Visual Studio Solution File, Format Version 12.00
# Visual Studio Version 16
VisualStudioVersion = 16.0.30717.126
MinimumVisualStudioVersion = 10.0.40219.1
Project("{FAE04EC0-301F-11D3-BF4B-00C04F79EFBC}") = "AdventOfCode2021Day9", "AdventOfCode2021Day9\AdventOfCode2021Day9.csproj", "{C039078B-73B0-4433-8E66-77F64F6864FE}"
EndProject
Global
	GlobalSection(SolutionConfigurationPlatforms) = preSolution
		Debug|Any CPU = Debug|Any CPU
		Release|Any CPU = Release|Any CPU
	EndGlobalSection
	GlobalSection(ProjectConfigurationPlatforms) = postSolution
		{C039078B-73B0-4433-8E66-77F64F6864FE}.Debug|Any CPU.ActiveCfg = Debug|Any CPU
		{C039078B-73B0-4433-8E66-77F64F6864FE}.Debug|Any CPU.Build.0 = Debug|Any CPU
		{C039078B-73B0-4433-8E66-77F64F6864FE}.Release|Any CPU.ActiveCfg = Release|Any CPU
		{C039078B-73B0-4433-8E66-77F64F6864FE}.Release|Any CPU.Build.0 = Release|Any CPU
	EndGlobalSection
	GlobalSection(SolutionProperties) = preSolution
		HideSolutionNode = FALSE
	EndGlobalSection
	GlobalSection(ExtensibilityGlobals) = postSolution
		SolutionGuid = {A95142BF-5FBC-4847-B4DD-C5DF6E7F7A6C}
	EndGlobalSection
EndGlobal
