
Microsoft Visual Studio Solution File, Format Version 12.00
# Visual Studio Version 16
VisualStudioVersion = 16.0.30717.126
MinimumVisualStudioVersion = 10.0.40219.1
Project("{FAE04EC0-301F-11D3-BF4B-00C04F79EFBC}") = "AdventOfCode2021Day14", "AdventOfCode2021Day14\AdventOfCode2021Day14.csproj", "{68B13B7A-CD24-4098-AB27-3881FD348840}"
EndProject
Global
	GlobalSection(SolutionConfigurationPlatforms) = preSolution
		Debug|Any CPU = Debug|Any CPU
		Release|Any CPU = Release|Any CPU
	EndGlobalSection
	GlobalSection(ProjectConfigurationPlatforms) = postSolution
		{68B13B7A-CD24-4098-AB27-3881FD348840}.Debug|Any CPU.ActiveCfg = Debug|Any CPU
		{68B13B7A-CD24-4098-AB27-3881FD348840}.Debug|Any CPU.Build.0 = Debug|Any CPU
		{68B13B7A-CD24-4098-AB27-3881FD348840}.Release|Any CPU.ActiveCfg = Release|Any CPU
		{68B13B7A-CD24-4098-AB27-3881FD348840}.Release|Any CPU.Build.0 = Release|Any CPU
	EndGlobalSection
	GlobalSection(SolutionProperties) = preSolution
		HideSolutionNode = FALSE
	EndGlobalSection
	GlobalSection(ExtensibilityGlobals) = postSolution
		SolutionGuid = {CE982B64-C68A-4686-B72B-62C4994E98F8}
	EndGlobalSection
EndGlobal
